
Microsoft Visual Studio Solution File, Format Version 12.00
# Visual Studio 14
VisualStudioVersion = 14.0.25420.1
MinimumVisualStudioVersion = 10.0.40219.1
Project("{FAE04EC0-301F-11D3-BF4B-00C04F79EFBC}") = "TeamBuilder.Models", "TeamBuilder.Models\TeamBuilder.Models.csproj", "{C030242D-989F-4E86-B2CA-87F40C2F46BC}"
EndProject
Project("{FAE04EC0-301F-11D3-BF4B-00C04F79EFBC}") = "TeamBuilder.Data", "TeamBuilder.Data\TeamBuilder.Data.csproj", "{E1264B5F-C816-4190-B5EF-05836CEC3DDF}"
EndProject
Project("{FAE04EC0-301F-11D3-BF4B-00C04F79EFBC}") = "TeamBuilder.App", "TeamBuilder.App\TeamBuilder.App.csproj", "{B31C3056-4B7E-4D4A-B485-9C2717993461}"
EndProject
Global
	GlobalSection(SolutionConfigurationPlatforms) = preSolution
		Debug|Any CPU = Debug|Any CPU
		Release|Any CPU = Release|Any CPU
	EndGlobalSection
	GlobalSection(ProjectConfigurationPlatforms) = postSolution
		{C030242D-989F-4E86-B2CA-87F40C2F46BC}.Debug|Any CPU.ActiveCfg = Debug|Any CPU
		{C030242D-989F-4E86-B2CA-87F40C2F46BC}.Debug|Any CPU.Build.0 = Debug|Any CPU
		{C030242D-989F-4E86-B2CA-87F40C2F46BC}.Release|Any CPU.ActiveCfg = Release|Any CPU
		{C030242D-989F-4E86-B2CA-87F40C2F46BC}.Release|Any CPU.Build.0 = Release|Any CPU
		{E1264B5F-C816-4190-B5EF-05836CEC3DDF}.Debug|Any CPU.ActiveCfg = Debug|Any CPU
		{E1264B5F-C816-4190-B5EF-05836CEC3DDF}.Debug|Any CPU.Build.0 = Debug|Any CPU
		{E1264B5F-C816-4190-B5EF-05836CEC3DDF}.Release|Any CPU.ActiveCfg = Release|Any CPU
		{E1264B5F-C816-4190-B5EF-05836CEC3DDF}.Release|Any CPU.Build.0 = Release|Any CPU
		{B31C3056-4B7E-4D4A-B485-9C2717993461}.Debug|Any CPU.ActiveCfg = Debug|Any CPU
		{B31C3056-4B7E-4D4A-B485-9C2717993461}.Debug|Any CPU.Build.0 = Debug|Any CPU
		{B31C3056-4B7E-4D4A-B485-9C2717993461}.Release|Any CPU.ActiveCfg = Release|Any CPU
		{B31C3056-4B7E-4D4A-B485-9C2717993461}.Release|Any CPU.Build.0 = Release|Any CPU
	EndGlobalSection
	GlobalSection(SolutionProperties) = preSolution
		HideSolutionNode = FALSE
	EndGlobalSection
EndGlobal
